
Microsoft Visual Studio Solution File, Format Version 12.00
# Visual Studio 15
VisualStudioVersion = 15.0.26730.16
MinimumVisualStudioVersion = 10.0.40219.1
Project("{FAE04EC0-301F-11D3-BF4B-00C04F79EFBC}") = "ExtendedStyleCopRules", "ExtendedStyleCopRules\ExtendedStyleCopRules.csproj", "{F1F2F11D-B639-487A-A5CF-0E10D1C1C1D1}"
EndProject
Project("{FAE04EC0-301F-11D3-BF4B-00C04F79EFBC}") = "ExtendedStyleCopRules.Tests", "ExtendedStyleCopRules.Tests\ExtendedStyleCopRules.Tests.csproj", "{3A5E1020-592B-427C-B784-39E6DEEEABAB}"
EndProject
Global
	GlobalSection(SolutionConfigurationPlatforms) = preSolution
		Debug|Any CPU = Debug|Any CPU
		Release|Any CPU = Release|Any CPU
	EndGlobalSection
	GlobalSection(ProjectConfigurationPlatforms) = postSolution
		{F1F2F11D-B639-487A-A5CF-0E10D1C1C1D1}.Debug|Any CPU.ActiveCfg = Debug|Any CPU
		{F1F2F11D-B639-487A-A5CF-0E10D1C1C1D1}.Debug|Any CPU.Build.0 = Debug|Any CPU
		{F1F2F11D-B639-487A-A5CF-0E10D1C1C1D1}.Release|Any CPU.ActiveCfg = Release|Any CPU
		{F1F2F11D-B639-487A-A5CF-0E10D1C1C1D1}.Release|Any CPU.Build.0 = Release|Any CPU
		{3A5E1020-592B-427C-B784-39E6DEEEABAB}.Debug|Any CPU.ActiveCfg = Debug|Any CPU
		{3A5E1020-592B-427C-B784-39E6DEEEABAB}.Debug|Any CPU.Build.0 = Debug|Any CPU
		{3A5E1020-592B-427C-B784-39E6DEEEABAB}.Release|Any CPU.ActiveCfg = Release|Any CPU
		{3A5E1020-592B-427C-B784-39E6DEEEABAB}.Release|Any CPU.Build.0 = Release|Any CPU
	EndGlobalSection
	GlobalSection(SolutionProperties) = preSolution
		HideSolutionNode = FALSE
	EndGlobalSection
	GlobalSection(ExtensibilityGlobals) = postSolution
		SolutionGuid = {0ADD5EF4-9A21-4D49-9543-2D0D692EBBF8}
	EndGlobalSection
EndGlobal
